// !$*UTF8*$!
{
	archiveVersion = 1;
	classes = {
	};
	objectVersion = 42;
	objects = {

/* Begin PBXBuildFile section */
		089C1680FE841241C02AAC07 /* InfoPlist.strings in Resources */ = {isa = PBXBuildFile; fileRef = 089C167DFE841241C02AAC07 /* InfoPlist.strings */; };
		1058C7AFFEA557BF11CA2CBB /* Cocoa.framework in Frameworks */ = {isa = PBXBuildFile; fileRef = 1058C7ADFEA557BF11CA2CBB /* Cocoa.framework */; };
		3D357B2C04DB010F00B8225B /* ICONWindowController.m in Sources */ = {isa = PBXBuildFile; fileRef = 3D357B2A04DB010F00B8225B /* ICONWindowController.m */; };
		3D357B2D04DB010F00B8225B /* ICONWindowController.h in Headers */ = {isa = PBXBuildFile; fileRef = 3D357B2B04DB010F00B8225B /* ICONWindowController.h */; };
		3D357B3004DB011A00B8225B /* ICONWindow.nib in Resources */ = {isa = PBXBuildFile; fileRef = 3D357B2E04DB011A00B8225B /* ICONWindow.nib */; };
		3D3B99A604DBE3310056861E /* ResKnifePluginProtocol.h in Headers */ = {isa = PBXBuildFile; fileRef = 3D3B99A404DBE3310056861E /* ResKnifePluginProtocol.h */; };
		3D3B99A704DBE3310056861E /* ResKnifeResourceProtocol.h in Headers */ = {isa = PBXBuildFile; fileRef = 3D3B99A504DBE3310056861E /* ResKnifeResourceProtocol.h */; };
		3D3B99A904DBE4450056861E /* Notifications.m in Sources */ = {isa = PBXBuildFile; fileRef = 3D3B99A804DBE4450056861E /* Notifications.m */; };
		6125BF51174FBD0600B741D9 /* ICONWindowController.h in Headers */ = {isa = PBXBuildFile; fileRef = 3D357B2B04DB010F00B8225B /* ICONWindowController.h */; };
		6125BF52174FBD0600B741D9 /* ResKnifePluginProtocol.h in Headers */ = {isa = PBXBuildFile; fileRef = 3D3B99A404DBE3310056861E /* ResKnifePluginProtocol.h */; };
		6125BF53174FBD0600B741D9 /* ResKnifeResourceProtocol.h in Headers */ = {isa = PBXBuildFile; fileRef = 3D3B99A504DBE3310056861E /* ResKnifeResourceProtocol.h */; };
		6125BF55174FBD0600B741D9 /* InfoPlist.strings in Resources */ = {isa = PBXBuildFile; fileRef = 089C167DFE841241C02AAC07 /* InfoPlist.strings */; };
		6125BF56174FBD0600B741D9 /* ICONWindow.nib in Resources */ = {isa = PBXBuildFile; fileRef = 3D357B2E04DB011A00B8225B /* ICONWindow.nib */; };
		6125BF58174FBD0600B741D9 /* ICONWindowController.m in Sources */ = {isa = PBXBuildFile; fileRef = 3D357B2A04DB010F00B8225B /* ICONWindowController.m */; };
		6125BF59174FBD0600B741D9 /* Notifications.m in Sources */ = {isa = PBXBuildFile; fileRef = 3D3B99A804DBE4450056861E /* Notifications.m */; };
		6125BF5B174FBD0600B741D9 /* Cocoa.framework in Frameworks */ = {isa = PBXBuildFile; fileRef = 1058C7ADFEA557BF11CA2CBB /* Cocoa.framework */; };
/* End PBXBuildFile section */

/* Begin PBXBundleTarget section */
		089C1673FE841209C02AAC07 /* ICONEditor (PB2) */ = {
			isa = PBXBundleTarget;
			buildConfigurationList = 6125BF4A174FBCFB00B741D9 /* Build configuration list for PBXBundleTarget "ICONEditor (PB2)" */;
			buildPhases = (
				089C1674FE841209C02AAC07 /* Headers */,
				089C1675FE841209C02AAC07 /* Resources */,
				089C1676FE841209C02AAC07 /* Sources */,
				089C1677FE841209C02AAC07 /* Frameworks */,
				089C1679FE841209C02AAC07 /* Rez */,
			);
			dependencies = (
			);
			name = "ICONEditor (PB2)";
			productInstallPath = "$(HOME)/Library/Bundles";
			productName = "ICONEditor (PB2)";
			productReference = 014CEA410018CDE011CA2923 /* ICONEditor.plugin */;
			productSettingsXML = "<?xml version=\"1.0\" encoding=\"UTF-8\"?>
<!DOCTYPE plist PUBLIC \"-//Apple//DTD PLIST 1.0//EN\" \"http://www.apple.com/DTDs/PropertyList-1.0.dtd\">
<plist version=\"1.0\">
<dict>
	<key>CFBundleDevelopmentRegion</key>
	<string>English</string>
	<key>CFBundleExecutable</key>
	<string>ICONEditor</string>
	<key>CFBundleIconFile</key>
	<string></string>
	<key>CFBundleIdentifier</key>
	<string>com.ulikusterer.resknife.bitmapeditor</string>
	<key>CFBundleInfoDictionaryVersion</key>
	<string>6.0</string>
	<key>CFBundlePackageType</key>
	<string>BNDL</string>
	<key>CFBundleSignature</key>
	<string>ResK</string>
	<key>CFBundleVersion</key>
	<string>0.0.1d1</string>
	<key>NSMainNibFile</key>
	<string>ICONWindow</string>
	<key>NSPrincipalClass</key>
	<string>ICONWindowController</string>
	<key>RKEditedTypes</key>
	<array>
		<string>ICON</string>
		<string>ICN#</string>
		<string>icm#</string>
		<string>ics#</string>
		<string>CURS</string>
	</array>
</dict>
</plist>
";
		};
/* End PBXBundleTarget section */

/* Begin PBXFileReference section */
		014CEA410018CDE011CA2923 /* ICONEditor.plugin */ = {isa = PBXFileReference; explicitFileType = wrapper.cfbundle; path = ICONEditor.plugin; sourceTree = BUILT_PRODUCTS_DIR; };
		089C1672FE841209C02AAC07 /* Foundation.framework */ = {isa = PBXFileReference; lastKnownFileType = wrapper.framework; name = Foundation.framework; path = /System/Library/Frameworks/Foundation.framework; sourceTree = "<absolute>"; };
		089C167EFE841241C02AAC07 /* English */ = {isa = PBXFileReference; fileEncoding = 10; lastKnownFileType = text.plist.strings; name = English; path = English.lproj/InfoPlist.strings; sourceTree = "<group>"; };
		089C167FFE841241C02AAC07 /* AppKit.framework */ = {isa = PBXFileReference; lastKnownFileType = wrapper.framework; name = AppKit.framework; path = /System/Library/Frameworks/AppKit.framework; sourceTree = "<absolute>"; };
		1058C7ADFEA557BF11CA2CBB /* Cocoa.framework */ = {isa = PBXFileReference; lastKnownFileType = wrapper.framework; name = Cocoa.framework; path = /System/Library/Frameworks/Cocoa.framework; sourceTree = "<absolute>"; };
		3D357B2A04DB010F00B8225B /* ICONWindowController.m */ = {isa = PBXFileReference; fileEncoding = 30; lastKnownFileType = sourcecode.c.objc; path = ICONWindowController.m; sourceTree = "<group>"; };
		3D357B2B04DB010F00B8225B /* ICONWindowController.h */ = {isa = PBXFileReference; fileEncoding = 30; lastKnownFileType = sourcecode.c.h; path = ICONWindowController.h; sourceTree = "<group>"; };
		3D357B2F04DB011A00B8225B /* English */ = {isa = PBXFileReference; lastKnownFileType = wrapper.nib; name = English; path = English.lproj/ICONWindow.nib; sourceTree = "<group>"; };
		3D357B3104DB013D00B8225B /* README.txt */ = {isa = PBXFileReference; fileEncoding = 30; lastKnownFileType = text; path = README.txt; sourceTree = "<group>"; };
		3D3B99A404DBE3310056861E /* ResKnifePluginProtocol.h */ = {isa = PBXFileReference; fileEncoding = 30; lastKnownFileType = sourcecode.c.h; path = ResKnifePluginProtocol.h; sourceTree = "<group>"; };
		3D3B99A504DBE3310056861E /* ResKnifeResourceProtocol.h */ = {isa = PBXFileReference; fileEncoding = 30; lastKnownFileType = sourcecode.c.h; path = ResKnifeResourceProtocol.h; sourceTree = "<group>"; };
		3D3B99A804DBE4450056861E /* Notifications.m */ = {isa = PBXFileReference; fileEncoding = 30; lastKnownFileType = sourcecode.c.objc; path = Notifications.m; sourceTree = "<group>"; };
		6125BF61174FBD0600B741D9 /* Info-ICONEditor__PB2___Upgraded_.plist */ = {isa = PBXFileReference; lastKnownFileType = text.plist.xml; path = "Info-ICONEditor__PB2___Upgraded_.plist"; sourceTree = "<group>"; };
		6125BF62174FBD0600B741D9 /* ICONEditor.plugin */ = {isa = PBXFileReference; explicitFileType = wrapper.cfbundle; includeInIndex = 0; path = ICONEditor.plugin; sourceTree = BUILT_PRODUCTS_DIR; };
/* End PBXFileReference section */

/* Begin PBXFrameworksBuildPhase section */
		089C1677FE841209C02AAC07 /* Frameworks */ = {
			isa = PBXFrameworksBuildPhase;
			buildActionMask = 2147483647;
			files = (
				1058C7AFFEA557BF11CA2CBB /* Cocoa.framework in Frameworks */,
			);
			runOnlyForDeploymentPostprocessing = 0;
		};
		6125BF5A174FBD0600B741D9 /* Frameworks */ = {
			isa = PBXFrameworksBuildPhase;
			buildActionMask = 2147483647;
			files = (
				6125BF5B174FBD0600B741D9 /* Cocoa.framework in Frameworks */,
			);
			runOnlyForDeploymentPostprocessing = 0;
		};
/* End PBXFrameworksBuildPhase section */

/* Begin PBXGroup section */
		089C166AFE841209C02AAC07 /* ICONEditor (PB2) */ = {
			isa = PBXGroup;
			children = (
				3D357B3104DB013D00B8225B /* README.txt */,
				08FB77AFFE84173DC02AAC07 /* Classes */,
				32C88E010371C26100C91783 /* Other Sources */,
				089C167CFE841241C02AAC07 /* Resources */,
				089C1671FE841209C02AAC07 /* Frameworks and Libraries */,
				19C28FB8FE9D52D311CA2CBB /* Products */,
				6125BF61174FBD0600B741D9 /* Info-ICONEditor__PB2___Upgraded_.plist */,
			);
			name = "ICONEditor (PB2)";
			sourceTree = "<group>";
		};
		089C1671FE841209C02AAC07 /* Frameworks and Libraries */ = {
			isa = PBXGroup;
			children = (
				1058C7ACFEA557BF11CA2CBB /* Linked Frameworks */,
				1058C7AEFEA557BF11CA2CBB /* Other Frameworks */,
			);
			name = "Frameworks and Libraries";
			sourceTree = "<group>";
		};
		089C167CFE841241C02AAC07 /* Resources */ = {
			isa = PBXGroup;
			children = (
				3D357B2E04DB011A00B8225B /* ICONWindow.nib */,
				089C167DFE841241C02AAC07 /* InfoPlist.strings */,
			);
			name = Resources;
			sourceTree = "<group>";
		};
		08FB77AFFE84173DC02AAC07 /* Classes */ = {
			isa = PBXGroup;
			children = (
				3D357B2A04DB010F00B8225B /* ICONWindowController.m */,
				3D357B2B04DB010F00B8225B /* ICONWindowController.h */,
			);
			name = Classes;
			sourceTree = "<group>";
		};
		1058C7ACFEA557BF11CA2CBB /* Linked Frameworks */ = {
			isa = PBXGroup;
			children = (
				1058C7ADFEA557BF11CA2CBB /* Cocoa.framework */,
			);
			name = "Linked Frameworks";
			sourceTree = "<group>";
		};
		1058C7AEFEA557BF11CA2CBB /* Other Frameworks */ = {
			isa = PBXGroup;
			children = (
				089C1672FE841209C02AAC07 /* Foundation.framework */,
				089C167FFE841241C02AAC07 /* AppKit.framework */,
			);
			name = "Other Frameworks";
			sourceTree = "<group>";
		};
		19C28FB8FE9D52D311CA2CBB /* Products */ = {
			isa = PBXGroup;
			children = (
				014CEA410018CDE011CA2923 /* ICONEditor.plugin */,
				6125BF62174FBD0600B741D9 /* ICONEditor.plugin */,
			);
			name = Products;
			sourceTree = "<group>";
		};
		32C88E010371C26100C91783 /* Other Sources */ = {
			isa = PBXGroup;
			children = (
				3D3B99A404DBE3310056861E /* ResKnifePluginProtocol.h */,
				3D3B99A504DBE3310056861E /* ResKnifeResourceProtocol.h */,
				3D3B99A804DBE4450056861E /* Notifications.m */,
			);
			name = "Other Sources";
			sourceTree = "<group>";
		};
/* End PBXGroup section */

/* Begin PBXHeadersBuildPhase section */
		089C1674FE841209C02AAC07 /* Headers */ = {
			isa = PBXHeadersBuildPhase;
			buildActionMask = 2147483647;
			files = (
				3D357B2D04DB010F00B8225B /* ICONWindowController.h in Headers */,
				3D3B99A604DBE3310056861E /* ResKnifePluginProtocol.h in Headers */,
				3D3B99A704DBE3310056861E /* ResKnifeResourceProtocol.h in Headers */,
			);
			runOnlyForDeploymentPostprocessing = 0;
		};
		6125BF50174FBD0600B741D9 /* Headers */ = {
			isa = PBXHeadersBuildPhase;
			buildActionMask = 2147483647;
			files = (
				6125BF51174FBD0600B741D9 /* ICONWindowController.h in Headers */,
				6125BF52174FBD0600B741D9 /* ResKnifePluginProtocol.h in Headers */,
				6125BF53174FBD0600B741D9 /* ResKnifeResourceProtocol.h in Headers */,
			);
			runOnlyForDeploymentPostprocessing = 0;
		};
/* End PBXHeadersBuildPhase section */

/* Begin PBXNativeTarget section */
		6125BF4F174FBD0600B741D9 /* ICONEditor (PB2) (Upgraded) */ = {
			isa = PBXNativeTarget;
			buildConfigurationList = 6125BF5D174FBD0600B741D9 /* Build configuration list for PBXNativeTarget "ICONEditor (PB2) (Upgraded)" */;
			buildPhases = (
				6125BF50174FBD0600B741D9 /* Headers */,
				6125BF54174FBD0600B741D9 /* Resources */,
				6125BF57174FBD0600B741D9 /* Sources */,
				6125BF5A174FBD0600B741D9 /* Frameworks */,
				6125BF5C174FBD0600B741D9 /* Rez */,
			);
			buildRules = (
			);
			dependencies = (
			);
			name = "ICONEditor (PB2) (Upgraded)";
			productInstallPath = "$(HOME)/Library/Bundles";
			productName = "ICONEditor (PB2)";
			productReference = 6125BF62174FBD0600B741D9 /* ICONEditor.plugin */;
			productType = "com.apple.product-type.bundle";
		};
/* End PBXNativeTarget section */

/* Begin PBXProject section */
		089C1669FE841209C02AAC07 /* Project object */ = {
			isa = PBXProject;
			buildConfigurationList = 6125BF49174FBCFB00B741D9 /* Build configuration list for PBXProject "ICONEditor" */;
			compatibilityVersion = "Xcode 2.4";
			developmentRegion = English;
			hasScannedForEncodings = 1;
			knownRegions = (
				English,
				Japanese,
				French,
				German,
			);
			mainGroup = 089C166AFE841209C02AAC07 /* ICONEditor (PB2) */;
			projectDirPath = "";
			projectRoot = "";
			targets = (
				6125BF4F174FBD0600B741D9 /* ICONEditor (PB2) (Upgraded) */,
				089C1673FE841209C02AAC07 /* ICONEditor (PB2) */,
			);
		};
/* End PBXProject section */

/* Begin PBXResourcesBuildPhase section */
		089C1675FE841209C02AAC07 /* Resources */ = {
			isa = PBXResourcesBuildPhase;
			buildActionMask = 2147483647;
			files = (
				089C1680FE841241C02AAC07 /* InfoPlist.strings in Resources */,
				3D357B3004DB011A00B8225B /* ICONWindow.nib in Resources */,
			);
			runOnlyForDeploymentPostprocessing = 0;
		};
		6125BF54174FBD0600B741D9 /* Resources */ = {
			isa = PBXResourcesBuildPhase;
			buildActionMask = 2147483647;
			files = (
				6125BF55174FBD0600B741D9 /* InfoPlist.strings in Resources */,
				6125BF56174FBD0600B741D9 /* ICONWindow.nib in Resources */,
			);
			runOnlyForDeploymentPostprocessing = 0;
		};
/* End PBXResourcesBuildPhase section */

/* Begin PBXRezBuildPhase section */
		089C1679FE841209C02AAC07 /* Rez */ = {
			isa = PBXRezBuildPhase;
			buildActionMask = 2147483647;
			files = (
			);
			runOnlyForDeploymentPostprocessing = 0;
		};
		6125BF5C174FBD0600B741D9 /* Rez */ = {
			isa = PBXRezBuildPhase;
			buildActionMask = 2147483647;
			files = (
			);
			runOnlyForDeploymentPostprocessing = 0;
		};
/* End PBXRezBuildPhase section */

/* Begin PBXSourcesBuildPhase section */
		089C1676FE841209C02AAC07 /* Sources */ = {
			isa = PBXSourcesBuildPhase;
			buildActionMask = 2147483647;
			files = (
				3D357B2C04DB010F00B8225B /* ICONWindowController.m in Sources */,
				3D3B99A904DBE4450056861E /* Notifications.m in Sources */,
			);
			runOnlyForDeploymentPostprocessing = 0;
		};
		6125BF57174FBD0600B741D9 /* Sources */ = {
			isa = PBXSourcesBuildPhase;
			buildActionMask = 2147483647;
			files = (
				6125BF58174FBD0600B741D9 /* ICONWindowController.m in Sources */,
				6125BF59174FBD0600B741D9 /* Notifications.m in Sources */,
			);
			runOnlyForDeploymentPostprocessing = 0;
		};
/* End PBXSourcesBuildPhase section */

/* Begin PBXVariantGroup section */
		089C167DFE841241C02AAC07 /* InfoPlist.strings */ = {
			isa = PBXVariantGroup;
			children = (
				089C167EFE841241C02AAC07 /* English */,
			);
			name = InfoPlist.strings;
			sourceTree = "<group>";
		};
		3D357B2E04DB011A00B8225B /* ICONWindow.nib */ = {
			isa = PBXVariantGroup;
			children = (
				3D357B2F04DB011A00B8225B /* English */,
			);
			name = ICONWindow.nib;
			sourceTree = "<group>";
		};
/* End PBXVariantGroup section */

/* Begin XCBuildConfiguration section */
		6125BF43174FBCFA00B741D9 /* Development */ = {
			isa = XCBuildConfiguration;
			buildSettings = {
				DEBUG_INFORMATION_FORMAT = "dwarf-with-dsym";
				GCC_C_LANGUAGE_STANDARD = gnu99;
				GCC_ENABLE_EXCEPTIONS = YES;
				GCC_ENABLE_FIX_AND_CONTINUE = YES;
				GCC_OPTIMIZATION_LEVEL = 0;
				GCC_PRECOMPILE_PREFIX_HEADER = YES;
				GCC_WARN_64_TO_32_BIT_CONVERSION = YES;
				GCC_WARN_ABOUT_GLOBAL_CONSTRUCTORS = YES;
				GCC_WARN_ABOUT_MISSING_FIELD_INITIALIZERS = YES;
				GCC_WARN_ABOUT_MISSING_NEWLINE = YES;
				GCC_WARN_ABOUT_MISSING_PROTOTYPES = YES;
				GCC_WARN_ABOUT_RETURN_TYPE = YES;
				GCC_WARN_CHECK_SWITCH_STATEMENTS = YES;
				GCC_WARN_EFFECTIVE_CPLUSPLUS_VIOLATIONS = YES;
				GCC_WARN_FOUR_CHARACTER_CONSTANTS = YES;
				GCC_WARN_HIDDEN_VIRTUAL_FUNCTIONS = YES;
				GCC_WARN_INITIALIZER_NOT_FULLY_BRACKETED = YES;
				GCC_WARN_MISSING_PARENTHESES = YES;
				GCC_WARN_MULTIPLE_DEFINITION_TYPES_FOR_SELECTOR = YES;
				GCC_WARN_NON_VIRTUAL_DESTRUCTOR = YES;
				GCC_WARN_PROTOTYPE_CONVERSION = YES;
				GCC_WARN_SHADOW = YES;
				GCC_WARN_SIGN_COMPARE = YES;
				GCC_WARN_STRICT_SELECTOR_MATCH = YES;
				GCC_WARN_UNDECLARED_SELECTOR = YES;
				GCC_WARN_UNKNOWN_PRAGMAS = YES;
				GCC_WARN_UNUSED_FUNCTION = YES;
				GCC_WARN_UNUSED_LABEL = YES;
				GCC_WARN_UNUSED_PARAMETER = YES;
				GCC_WARN_UNUSED_VALUE = YES;
				GCC_WARN_UNUSED_VARIABLE = YES;
				GENERATE_PKGINFO_FILE = YES;
				GENERATE_PROFILING_CODE = YES;
				HEADER_SEARCH_PATHS = ../;
				LD_GENERATE_MAP_FILE = YES;
				RUN_CLANG_STATIC_ANALYZER = YES;
				SCAN_ALL_SOURCE_FILES_FOR_INCLUDES = YES;
				VALIDATE_PRODUCT = YES;
			};
			name = Development;
		};
		6125BF44174FBCFA00B741D9 /* Deployment */ = {
			isa = XCBuildConfiguration;
			buildSettings = {
			};
			name = Deployment;
		};
		6125BF45174FBCFA00B741D9 /* Default */ = {
			isa = XCBuildConfiguration;
			buildSettings = {
			};
			name = Default;
		};
		6125BF46174FBCFA00B741D9 /* Development */ = {
			isa = XCBuildConfiguration;
			buildSettings = {
				COPY_PHASE_STRIP = NO;
				FRAMEWORK_SEARCH_PATHS = "";
				GCC_DYNAMIC_NO_PIC = NO;
				GCC_ENABLE_FIX_AND_CONTINUE = YES;
				GCC_GENERATE_DEBUGGING_SYMBOLS = YES;
				GCC_OPTIMIZATION_LEVEL = 0;
				HEADER_SEARCH_PATHS = "";
				INSTALL_PATH = "$(HOME)/Library/Bundles";
				LIBRARY_SEARCH_PATHS = "";
				OTHER_CFLAGS = "";
				OTHER_LDFLAGS = "";
				OTHER_REZFLAGS = "";
				PRECOMPILE_PREFIX_HEADER = YES;
				PRODUCT_NAME = ICONEditor;
				SECTORDER_FLAGS = "";
				WARNING_CFLAGS = (
					"-Wmost",
					"-Wno-four-char-constants",
					"-Wno-unknown-pragmas",
				);
				WRAPPER_EXTENSION = plugin;
				ZERO_LINK = YES;
			};
			name = Development;
		};
		6125BF47174FBCFA00B741D9 /* Deployment */ = {
			isa = XCBuildConfiguration;
			buildSettings = {
				COPY_PHASE_STRIP = YES;
				FRAMEWORK_SEARCH_PATHS = "";
				GCC_ENABLE_FIX_AND_CONTINUE = NO;
				HEADER_SEARCH_PATHS = "";
				INSTALL_PATH = "$(HOME)/Library/Bundles";
				LIBRARY_SEARCH_PATHS = "";
				OTHER_CFLAGS = "";
				OTHER_LDFLAGS = "";
				OTHER_REZFLAGS = "";
				PRECOMPILE_PREFIX_HEADER = YES;
				PRODUCT_NAME = ICONEditor;
				SECTORDER_FLAGS = "";
				WARNING_CFLAGS = (
					"-Wmost",
					"-Wno-four-char-constants",
					"-Wno-unknown-pragmas",
				);
				WRAPPER_EXTENSION = plugin;
				ZERO_LINK = NO;
			};
			name = Deployment;
		};
		6125BF48174FBCFA00B741D9 /* Default */ = {
			isa = XCBuildConfiguration;
			buildSettings = {
				FRAMEWORK_SEARCH_PATHS = "";
				HEADER_SEARCH_PATHS = "";
				INSTALL_PATH = "$(HOME)/Library/Bundles";
				LIBRARY_SEARCH_PATHS = "";
				OTHER_CFLAGS = "";
				OTHER_LDFLAGS = "";
				OTHER_REZFLAGS = "";
				PRECOMPILE_PREFIX_HEADER = YES;
				PRODUCT_NAME = ICONEditor;
				SECTORDER_FLAGS = "";
				WARNING_CFLAGS = (
					"-Wmost",
					"-Wno-four-char-constants",
					"-Wno-unknown-pragmas",
				);
				WRAPPER_EXTENSION = plugin;
			};
			name = Default;
		};
		6125BF5E174FBD0600B741D9 /* Development */ = {
			isa = XCBuildConfiguration;
			buildSettings = {
				COPY_PHASE_STRIP = NO;
				FRAMEWORK_SEARCH_PATHS = "";
				GCC_DYNAMIC_NO_PIC = NO;
				GCC_ENABLE_FIX_AND_CONTINUE = YES;
				GCC_GENERATE_DEBUGGING_SYMBOLS = YES;
				GCC_OPTIMIZATION_LEVEL = 0;
				GCC_PRECOMPILE_PREFIX_HEADER = YES;
				GCC_SYMBOLS_PRIVATE_EXTERN = NO;
				HEADER_SEARCH_PATHS = "";
				INFOPLIST_FILE = "Info-ICONEditor__PB2___Upgraded_.plist";
				INSTALL_PATH = "$(HOME)/Library/Bundles";
				LIBRARY_SEARCH_PATHS = "";
				OTHER_CFLAGS = "";
				OTHER_LDFLAGS = "";
				OTHER_REZFLAGS = "";
				PRODUCT_NAME = ICONEditor;
				SECTORDER_FLAGS = "";
				WARNING_CFLAGS = (
					"-Wmost",
					"-Wno-four-char-constants",
					"-Wno-unknown-pragmas",
				);
				WRAPPER_EXTENSION = plugin;
				ZERO_LINK = YES;
			};
			name = Development;
		};
		6125BF5F174FBD0600B741D9 /* Deployment */ = {
			isa = XCBuildConfiguration;
			buildSettings = {
				COPY_PHASE_STRIP = YES;
				FRAMEWORK_SEARCH_PATHS = "";
				GCC_ENABLE_FIX_AND_CONTINUE = NO;
				GCC_PRECOMPILE_PREFIX_HEADER = YES;
				GCC_SYMBOLS_PRIVATE_EXTERN = NO;
				HEADER_SEARCH_PATHS = "";
				INFOPLIST_FILE = "Info-ICONEditor__PB2___Upgraded_.plist";
				INSTALL_PATH = "$(HOME)/Library/Bundles";
				LIBRARY_SEARCH_PATHS = "";
				OTHER_CFLAGS = "";
				OTHER_LDFLAGS = "";
				OTHER_REZFLAGS = "";
				PRODUCT_NAME = ICONEditor;
				SECTORDER_FLAGS = "";
				WARNING_CFLAGS = (
					"-Wmost",
					"-Wno-four-char-constants",
					"-Wno-unknown-pragmas",
				);
				WRAPPER_EXTENSION = plugin;
				ZERO_LINK = NO;
			};
			name = Deployment;
		};
		6125BF60174FBD0600B741D9 /* Default */ = {
			isa = XCBuildConfiguration;
			buildSettings = {
				FRAMEWORK_SEARCH_PATHS = "";
				GCC_PRECOMPILE_PREFIX_HEADER = YES;
				GCC_SYMBOLS_PRIVATE_EXTERN = NO;
				HEADER_SEARCH_PATHS = "";
				INFOPLIST_FILE = "Info-ICONEditor__PB2___Upgraded_.plist";
				INSTALL_PATH = "$(HOME)/Library/Bundles";
				LIBRARY_SEARCH_PATHS = "";
				OTHER_CFLAGS = "";
				OTHER_LDFLAGS = "";
				OTHER_REZFLAGS = "";
				PRODUCT_NAME = ICONEditor;
				SECTORDER_FLAGS = "";
				WARNING_CFLAGS = (
					"-Wmost",
					"-Wno-four-char-constants",
					"-Wno-unknown-pragmas",
				);
				WRAPPER_EXTENSION = plugin;
			};
			name = Default;
		};
/* End XCBuildConfiguration section */

/* Begin XCConfigurationList section */
		6125BF49174FBCFB00B741D9 /* Build configuration list for PBXProject "ICONEditor" */ = {
			isa = XCConfigurationList;
			buildConfigurations = (
				6125BF43174FBCFA00B741D9 /* Development */,
				6125BF44174FBCFA00B741D9 /* Deployment */,
				6125BF45174FBCFA00B741D9 /* Default */,
			);
			defaultConfigurationIsVisible = 0;
			defaultConfigurationName = Default;
		};
		6125BF4A174FBCFB00B741D9 /* Build configuration list for PBXBundleTarget "ICONEditor (PB2)" */ = {
			isa = XCConfigurationList;
			buildConfigurations = (
				6125BF46174FBCFA00B741D9 /* Development */,
				6125BF47174FBCFA00B741D9 /* Deployment */,
				6125BF48174FBCFA00B741D9 /* Default */,
			);
			defaultConfigurationIsVisible = 0;
			defaultConfigurationName = Default;
		};
		6125BF5D174FBD0600B741D9 /* Build configuration list for PBXNativeTarget "ICONEditor (PB2) (Upgraded)" */ = {
			isa = XCConfigurationList;
			buildConfigurations = (
				6125BF5E174FBD0600B741D9 /* Development */,
				6125BF5F174FBD0600B741D9 /* Deployment */,
				6125BF60174FBD0600B741D9 /* Default */,
			);
			defaultConfigurationIsVisible = 0;
			defaultConfigurationName = Default;
		};
/* End XCConfigurationList section */
	};
	rootObject = 089C1669FE841209C02AAC07 /* Project object */;
}
